
Microsoft Visual Studio Solution File, Format Version 12.00
# Visual Studio Version 16
VisualStudioVersion = 16.0.30804.86
MinimumVisualStudioVersion = 10.0.40219.1
Project("{FAE04EC0-301F-11D3-BF4B-00C04F79EFBC}") = "todo5", "todo5\todo5.csproj", "{3A03829F-32DF-4BE1-99EA-92DD40D12159}"
EndProject
Global
	GlobalSection(SolutionConfigurationPlatforms) = preSolution
		Debug|Any CPU = Debug|Any CPU
		Release|Any CPU = Release|Any CPU
	EndGlobalSection
	GlobalSection(ProjectConfigurationPlatforms) = postSolution
		{3A03829F-32DF-4BE1-99EA-92DD40D12159}.Debug|Any CPU.ActiveCfg = Debug|Any CPU
		{3A03829F-32DF-4BE1-99EA-92DD40D12159}.Debug|Any CPU.Build.0 = Debug|Any CPU
		{3A03829F-32DF-4BE1-99EA-92DD40D12159}.Release|Any CPU.ActiveCfg = Release|Any CPU
		{3A03829F-32DF-4BE1-99EA-92DD40D12159}.Release|Any CPU.Build.0 = Release|Any CPU
	EndGlobalSection
	GlobalSection(SolutionProperties) = preSolution
		HideSolutionNode = FALSE
	EndGlobalSection
	GlobalSection(ExtensibilityGlobals) = postSolution
		SolutionGuid = {4D8593B7-DA06-49AE-90D7-8D573876F0E1}
	EndGlobalSection
EndGlobal
